{
  "version": 4,
  "terraform_version": "1.8.4",
  "serial": 254,
  "lineage": "59bc8208-f817-6e2c-6012-bf1895011bb3",
  "outputs": {
    "ec2_instance_id": {
      "value": "i-0861cfcb0c4fd465d",
      "type": "string"
    },
    "ec2_public_ip": {
      "value": "18.212.63.147",
      "type": "string"
    }
  },
  "resources": [
    {
      "mode": "managed",
      "type": "aws_iam_instance_profile",
      "name": "ec2_profile",
      "provider": "provider[\"registry.terraform.io/hashicorp/aws\"]",
      "instances": [
        {
          "schema_version": 0,
          "attributes": {
            "arn": "arn:aws:iam::381492039678:instance-profile/firefly_ec2_profile",
            "create_date": "2024-10-23T12:35:49Z",
            "id": "firefly_ec2_profile",
            "name": "firefly_ec2_profile",
            "name_prefix": "",
            "path": "/",
            "role": "firefly_ec2_role",
            "tags": null,
            "tags_all": {},
            "unique_id": "AIPAVRUVSR77IFEDNNRZP"
          },
          "sensitive_attributes": [],
          "private": "bnVsbA==",
          "dependencies": [
            "aws_iam_role.ec2_role"
          ]
        }
      ]
    },
    {
      "mode": "managed",
      "type": "aws_iam_policy",
      "name": "s3_access_policy",
      "provider": "provider[\"registry.terraform.io/hashicorp/aws\"]",
      "instances": [
        {
          "schema_version": 0,
          "attributes": {
            "arn": "arn:aws:iam::381492039678:policy/firefly_s3_policy",
            "attachment_count": 0,
            "description": "IAM policy for EC2 access to S3 bucket",
            "id": "arn:aws:iam::381492039678:policy/firefly_s3_policy",
            "name": "firefly_s3_policy",
            "name_prefix": "",
            "path": "/",
            "policy": "{\"Statement\":[{\"Action\":[\"s3:ListBucket\",\"s3:GetObject\",\"s3:PutObject\"],\"Effect\":\"Allow\",\"Resource\":[\"arn:aws:s3:::firefly-bucket-en53sr\",\"arn:aws:s3:::firefly-bucket-en53sr/*\"]}],\"Version\":\"2012-10-17\"}",
            "policy_id": "ANPAVRUVSR77HPLTYB745",
            "tags": null,
            "tags_all": {}
          },
          "sensitive_attributes": [],
          "private": "bnVsbA==",
          "dependencies": [
            "random_string.suffix"
          ]
        }
      ]
    },
    {
      "mode": "managed",
      "type": "aws_iam_role",
      "name": "ec2_role",
      "provider": "provider[\"registry.terraform.io/hashicorp/aws\"]",
      "instances": [
        {
          "schema_version": 0,
          "attributes": {
            "arn": "arn:aws:iam::381492039678:role/firefly_ec2_role",
            "assume_role_policy": "{\"Statement\":[{\"Action\":\"sts:AssumeRole\",\"Effect\":\"Allow\",\"Principal\":{\"Service\":\"ec2.amazonaws.com\"}}],\"Version\":\"2012-10-17\"}",
            "create_date": "2024-10-23T12:35:48Z",
            "description": "",
            "force_detach_policies": false,
            "id": "firefly_ec2_role",
            "inline_policy": [],
            "managed_policy_arns": [],
            "max_session_duration": 3600,
            "name": "firefly_ec2_role",
            "name_prefix": "",
            "path": "/",
            "permissions_boundary": "",
            "tags": null,
            "tags_all": {},
            "unique_id": "AROAVRUVSR77HHYKMBE7G"
          },
          "sensitive_attributes": [],
          "private": "bnVsbA=="
        }
      ]
    },
    {
      "mode": "managed",
      "type": "aws_iam_role_policy_attachment",
      "name": "s3_policy_attachment",
      "provider": "provider[\"registry.terraform.io/hashicorp/aws\"]",
      "instances": [
        {
          "schema_version": 0,
          "attributes": {
            "id": "firefly_ec2_role-20241023123550079600000002",
            "policy_arn": "arn:aws:iam::381492039678:policy/firefly_s3_policy",
            "role": "firefly_ec2_role"
          },
          "sensitive_attributes": [],
          "private": "bnVsbA==",
          "dependencies": [
            "aws_iam_policy.s3_access_policy",
            "aws_iam_role.ec2_role",
            "random_string.suffix"
          ]
        }
      ]
    },
    {
      "mode": "managed",
      "type": "aws_iam_role_policy_attachment",
      "name": "ssm_ec2",
      "provider": "provider[\"registry.terraform.io/hashicorp/aws\"]",
      "instances": [
        {
          "schema_version": 0,
          "attributes": {
            "id": "firefly_ec2_role-20241023123550073600000001",
            "policy_arn": "arn:aws:iam::aws:policy/AmazonSSMManagedInstanceCore",
            "role": "firefly_ec2_role"
          },
          "sensitive_attributes": [],
          "private": "bnVsbA==",
          "dependencies": [
            "aws_iam_role.ec2_role"
          ]
        }
      ]
    },
    {
      "mode": "managed",
      "type": "aws_instance",
      "name": "ec2",
      "provider": "provider[\"registry.terraform.io/hashicorp/aws\"]",
      "instances": [
        {
          "schema_version": 1,
          "attributes": {
            "ami": "ami-06b21ccaeff8cd686",
            "arn": "arn:aws:ec2:us-east-1:381492039678:instance/i-0861cfcb0c4fd465d",
            "associate_public_ip_address": true,
            "availability_zone": "us-east-1c",
            "capacity_reservation_specification": [
              {
                "capacity_reservation_preference": "open",
                "capacity_reservation_target": []
              }
            ],
            "cpu_core_count": 1,
            "cpu_options": [
              {
                "amd_sev_snp": "",
                "core_count": 1,
                "threads_per_core": 1
              }
            ],
            "cpu_threads_per_core": 1,
            "credit_specification": [
              {
                "cpu_credits": "standard"
              }
            ],
            "disable_api_stop": false,
            "disable_api_termination": false,
            "ebs_block_device": [],
            "ebs_optimized": false,
            "enclave_options": [
              {
                "enabled": false
              }
            ],
            "ephemeral_block_device": [],
            "get_password_data": false,
            "hibernation": false,
            "host_id": "",
            "host_resource_group_arn": null,
            "iam_instance_profile": "firefly_ec2_profile",
            "id": "i-0861cfcb0c4fd465d",
            "instance_initiated_shutdown_behavior": "stop",
            "instance_lifecycle": "",
            "instance_market_options": [],
            "instance_state": "running",
            "instance_type": "t2.micro",
            "ipv6_address_count": 0,
            "ipv6_addresses": [],
            "key_name": "my-key-pair",
            "launch_template": [],
            "maintenance_options": [
              {
                "auto_recovery": "default"
              }
            ],
            "metadata_options": [
              {
                "http_endpoint": "enabled",
                "http_protocol_ipv6": "disabled",
                "http_put_response_hop_limit": 2,
                "http_tokens": "required",
                "instance_metadata_tags": "disabled"
              }
            ],
            "monitoring": false,
            "network_interface": [],
            "outpost_arn": "",
            "password_data": "",
            "placement_group": "",
            "placement_partition_number": 0,
            "primary_network_interface_id": "eni-0a446feafeb035665",
            "private_dns": "ip-10-0-1-77.ec2.internal",
            "private_dns_name_options": [
              {
                "enable_resource_name_dns_a_record": false,
                "enable_resource_name_dns_aaaa_record": false,
                "hostname_type": "ip-name"
              }
            ],
            "private_ip": "10.0.1.77",
            "public_dns": "ec2-18-212-63-147.compute-1.amazonaws.com",
            "public_ip": "18.212.63.147",
            "root_block_device": [
              {
                "delete_on_termination": true,
                "device_name": "/dev/xvda",
                "encrypted": false,
                "iops": 3000,
                "kms_key_id": "",
                "tags": {},
                "tags_all": {},
                "throughput": 125,
                "volume_id": "vol-019fed6db79063399",
                "volume_size": 8,
                "volume_type": "gp3"
              }
            ],
            "secondary_private_ips": [],
            "security_groups": [],
            "source_dest_check": true,
            "spot_instance_request_id": "",
            "subnet_id": "subnet-0ec61a36ec0730916",
            "tags": {
              "Name": "Firefly-EC2-instance",
              "Vendor": "Firefly"
            },
            "tags_all": {
              "Name": "Firefly-EC2-instance",
              "Vendor": "Firefly"
            },
            "tenancy": "default",
            "timeouts": null,
            "user_data": null,
            "user_data_base64": null,
            "user_data_replace_on_change": false,
            "volume_tags": null,
            "vpc_security_group_ids": [
              "sg-043ae44aff0164450"
            ]
          },
          "sensitive_attributes": [],
          "private": "eyJlMmJmYjczMC1lY2FhLTExZTYtOGY4OC0zNDM2M2JjN2M0YzAiOnsiY3JlYXRlIjo2MDAwMDAwMDAwMDAsImRlbGV0ZSI6MTIwMDAwMDAwMDAwMCwicmVhZCI6OTAwMDAwMDAwMDAwLCJ1cGRhdGUiOjYwMDAwMDAwMDAwMH0sInNjaGVtYV92ZXJzaW9uIjoiMSJ9",
          "dependencies": [
            "aws_iam_instance_profile.ec2_profile",
            "aws_iam_role.ec2_role",
            "aws_security_group.ec2",
            "aws_subnet.firefly-public-subnet",
            "aws_vpc.firefly_vpc"
          ]
        }
      ]
    },
    {
      "mode": "managed",
      "type": "aws_internet_gateway",
      "name": "firefly-igw",
      "provider": "provider[\"registry.terraform.io/hashicorp/aws\"]",
      "instances": [
        {
          "schema_version": 0,
          "attributes": {
            "arn": "arn:aws:ec2:us-east-1:381492039678:internet-gateway/igw-09592e1e8caa761f8",
            "id": "igw-09592e1e8caa761f8",
            "owner_id": "381492039678",
            "tags": {
              "Name": "firefly-igw"
            },
            "tags_all": {
              "Name": "firefly-igw"
            },
            "timeouts": null,
            "vpc_id": "vpc-0dcbed84ccfe01fba"
          },
          "sensitive_attributes": [],
          "private": "eyJlMmJmYjczMC1lY2FhLTExZTYtOGY4OC0zNDM2M2JjN2M0YzAiOnsiY3JlYXRlIjoxMjAwMDAwMDAwMDAwLCJkZWxldGUiOjEyMDAwMDAwMDAwMDAsInVwZGF0ZSI6MTIwMDAwMDAwMDAwMH19",
          "dependencies": [
            "aws_vpc.firefly_vpc"
          ]
        }
      ]
    },
    {
      "mode": "managed",
      "type": "aws_key_pair",
      "name": "tf_key",
      "provider": "provider[\"registry.terraform.io/hashicorp/aws\"]",
      "instances": [
        {
          "schema_version": 1,
          "attributes": {
            "arn": "arn:aws:ec2:us-east-1:381492039678:key-pair/my-key-pair",
            "fingerprint": "fd:91:02:49:d7:1e:c6:08:79:4f:c6:de:d6:4c:9e:18",
            "id": "my-key-pair",
            "key_name": "my-key-pair",
            "key_name_prefix": "",
            "key_pair_id": "key-0cdf0341f56b3ab54",
            "key_type": "rsa",
            "public_key": "ssh-rsa AAAAB3NzaC1yc2EAAAADAQABAAACAQCx4QAou2ifhbTAizQY4eH2wBV16bvvvIBD3J5xw7E5y8t5+b+rwrX3ngcSbTCkXinLKbHjANj8Lm6yywnOuscuJPuvTC126T652zQXeGwe01RxfnZv8VLP5CkGON5aABRKwnJzFcyMzPm1QK+dhhC4clPQvgfUJAV9ePqpoC5Mm6jh9tGferLHL95PuKLvLBlByn5UZm1QVH9pBritFJ9K5tTZmeidNaUmLiokPgBYGKb5YR8yYge5GLMpy5rA2Vec9ydHZcgUrTz8SXbEVz9hEcHIWxYcNUArqlG1T/6BHJ/ictPO0IgKnkcck9LZZgFegXMaGpoSjjffwAe/tx/fALNVJGxfEyEB7lWQ6Mbh5n+Jv+AH0XlhoQNqY2wl3n4vUYclsHEkbFOVwdkcZD67G1zUcPZU27rm6JzmSDHmBH33gGa+gurzD22Kg9zPeCpkIm1Z7zVqJSaYbZKayIKYmhjyLpBW/fJku5cosiR+Uk9dMO4dM0rF57F/gBYqBTIn2t7Uacr+7MiVVSSpBFjjfW783BqhxtYHSoWAPep4czJs/WUf79aXj8Jf7xDiUWcv1ITVJa7L5YfH7Hn+1LCjIYciT+MEnbtfgz7MmPbV1fTjdlQO/EtbAE4pRlua9BJQZ/KciktL6EHeRJJNtygcMFpZDUeLFToXwEpuk6q1hQ==",
            "tags": null,
            "tags_all": {}
          },
          "sensitive_attributes": [],
          "private": "eyJzY2hlbWFfdmVyc2lvbiI6IjEifQ==",
          "dependencies": [
            "tls_private_key.rsa"
          ]
        }
      ]
    },
    {
      "mode": "managed",
      "type": "aws_route",
      "name": "public-internet-igw-route",
      "provider": "provider[\"registry.terraform.io/hashicorp/aws\"]",
      "instances": [
        {
          "schema_version": 0,
          "attributes": {
            "carrier_gateway_id": "",
            "core_network_arn": "",
            "destination_cidr_block": "0.0.0.0/0",
            "destination_ipv6_cidr_block": "",
            "destination_prefix_list_id": "",
            "egress_only_gateway_id": "",
            "gateway_id": "igw-09592e1e8caa761f8",
            "id": "r-rtb-0f803cee89614edc01080289494",
            "instance_id": "",
            "instance_owner_id": "",
            "local_gateway_id": "",
            "nat_gateway_id": "",
            "network_interface_id": "",
            "origin": "CreateRoute",
            "route_table_id": "rtb-0f803cee89614edc0",
            "state": "active",
            "timeouts": null,
            "transit_gateway_id": "",
            "vpc_endpoint_id": "",
            "vpc_peering_connection_id": ""
          },
          "sensitive_attributes": [],
          "private": "eyJlMmJmYjczMC1lY2FhLTExZTYtOGY4OC0zNDM2M2JjN2M0YzAiOnsiY3JlYXRlIjozMDAwMDAwMDAwMDAsImRlbGV0ZSI6MzAwMDAwMDAwMDAwLCJ1cGRhdGUiOjEyMDAwMDAwMDAwMH19",
          "dependencies": [
            "aws_internet_gateway.firefly-igw",
            "aws_route_table.firefly-public-route-table",
            "aws_vpc.firefly_vpc"
          ]
        }
      ]
    },
    {
      "mode": "managed",
      "type": "aws_route_table",
      "name": "firefly-public-route-table",
      "provider": "provider[\"registry.terraform.io/hashicorp/aws\"]",
      "instances": [
        {
          "schema_version": 0,
          "attributes": {
            "arn": "arn:aws:ec2:us-east-1:381492039678:route-table/rtb-0f803cee89614edc0",
            "id": "rtb-0f803cee89614edc0",
            "owner_id": "381492039678",
            "propagating_vgws": [],
            "route": [],
            "tags": {
              "Name": "public-firefly-route-table"
            },
            "tags_all": {
              "Name": "public-firefly-route-table"
            },
            "timeouts": null,
            "vpc_id": "vpc-0dcbed84ccfe01fba"
          },
          "sensitive_attributes": [],
          "private": "eyJlMmJmYjczMC1lY2FhLTExZTYtOGY4OC0zNDM2M2JjN2M0YzAiOnsiY3JlYXRlIjozMDAwMDAwMDAwMDAsImRlbGV0ZSI6MzAwMDAwMDAwMDAwLCJ1cGRhdGUiOjEyMDAwMDAwMDAwMH19",
          "dependencies": [
            "aws_vpc.firefly_vpc"
          ]
        }
      ]
    },
    {
      "mode": "managed",
      "type": "aws_route_table_association",
      "name": "firefly-public-route-association",
      "provider": "provider[\"registry.terraform.io/hashicorp/aws\"]",
      "instances": [
        {
          "schema_version": 0,
          "attributes": {
            "gateway_id": "",
            "id": "rtbassoc-03e241d16fd060ff1",
            "route_table_id": "rtb-0f803cee89614edc0",
            "subnet_id": "subnet-0ec61a36ec0730916",
            "timeouts": null
          },
          "sensitive_attributes": [],
          "private": "eyJlMmJmYjczMC1lY2FhLTExZTYtOGY4OC0zNDM2M2JjN2M0YzAiOnsiY3JlYXRlIjozMDAwMDAwMDAwMDAsImRlbGV0ZSI6MzAwMDAwMDAwMDAwLCJ1cGRhdGUiOjEyMDAwMDAwMDAwMH19",
          "dependencies": [
            "aws_route_table.firefly-public-route-table",
            "aws_subnet.firefly-public-subnet",
            "aws_vpc.firefly_vpc"
          ]
        }
      ]
    },
    {
      "mode": "managed",
      "type": "aws_s3_bucket",
      "name": "firefly_bucket",
      "provider": "provider[\"registry.terraform.io/hashicorp/aws\"]",
      "instances": [
        {
          "schema_version": 0,
          "attributes": {
            "acceleration_status": "",
            "acl": null,
            "arn": "arn:aws:s3:::firefly-bucket-en53sr",
            "bucket": "firefly-bucket-en53sr",
            "bucket_domain_name": "firefly-bucket-en53sr.s3.amazonaws.com",
            "bucket_prefix": "",
            "bucket_regional_domain_name": "firefly-bucket-en53sr.s3.us-east-1.amazonaws.com",
            "cors_rule": [],
            "force_destroy": false,
            "grant": [
              {
                "id": "7eb7b99a2390737818f13d84f1307b6ccf9a4b46181a51947e9c9927b5d62d4c",
                "permissions": [
                  "FULL_CONTROL"
                ],
                "type": "CanonicalUser",
                "uri": ""
              }
            ],
            "hosted_zone_id": "Z3AQBSTGFYJSTF",
            "id": "firefly-bucket-en53sr",
            "lifecycle_rule": [],
            "logging": [],
            "object_lock_configuration": [],
            "object_lock_enabled": false,
            "policy": "",
            "region": "us-east-1",
            "replication_configuration": [],
            "request_payer": "BucketOwner",
            "server_side_encryption_configuration": [
              {
                "rule": [
                  {
                    "apply_server_side_encryption_by_default": [
                      {
                        "kms_master_key_id": "",
                        "sse_algorithm": "AES256"
                      }
                    ],
                    "bucket_key_enabled": false
                  }
                ]
              }
            ],
            "tags": {
              "Name": "Firefly-S3-Bucket"
            },
            "tags_all": {
              "Name": "Firefly-S3-Bucket"
            },
            "timeouts": null,
            "versioning": [
              {
                "enabled": false,
                "mfa_delete": false
              }
            ],
            "website": [],
            "website_domain": null,
            "website_endpoint": null
          },
          "sensitive_attributes": [],
          "private": "eyJlMmJmYjczMC1lY2FhLTExZTYtOGY4OC0zNDM2M2JjN2M0YzAiOnsiY3JlYXRlIjoxMjAwMDAwMDAwMDAwLCJkZWxldGUiOjM2MDAwMDAwMDAwMDAsInJlYWQiOjEyMDAwMDAwMDAwMDAsInVwZGF0ZSI6MTIwMDAwMDAwMDAwMH19",
          "dependencies": [
            "random_string.suffix"
          ]
        }
      ]
    },
    {
      "mode": "managed",
      "type": "aws_s3_bucket_versioning",
      "name": "firefly_versioning",
      "provider": "provider[\"registry.terraform.io/hashicorp/aws\"]",
      "instances": [
        {
          "schema_version": 0,
          "attributes": {
            "bucket": "firefly-bucket-en53sr",
            "expected_bucket_owner": "",
            "id": "firefly-bucket-en53sr",
            "mfa": null,
            "versioning_configuration": [
              {
                "mfa_delete": "",
                "status": "Enabled"
              }
            ]
          },
          "sensitive_attributes": [],
          "private": "bnVsbA==",
          "dependencies": [
            "aws_s3_bucket.firefly_bucket",
            "random_string.suffix"
          ]
        }
      ]
    },
    {
      "mode": "managed",
      "type": "aws_security_group",
      "name": "ec2",
      "provider": "provider[\"registry.terraform.io/hashicorp/aws\"]",
      "instances": [
        {
          "schema_version": 1,
          "attributes": {
            "arn": "arn:aws:ec2:us-east-1:381492039678:security-group/sg-043ae44aff0164450",
            "description": "Security group for EC2 instance in main VPC",
            "egress": [
              {
                "cidr_blocks": [
                  "0.0.0.0/0"
                ],
                "description": "",
                "from_port": 0,
                "ipv6_cidr_blocks": [],
                "prefix_list_ids": [],
                "protocol": "-1",
                "security_groups": [],
                "self": false,
                "to_port": 0
              }
            ],
            "id": "sg-043ae44aff0164450",
            "ingress": [
              {
                "cidr_blocks": [
                  "0.0.0.0/0"
                ],
                "description": "",
                "from_port": 22,
                "ipv6_cidr_blocks": [],
                "prefix_list_ids": [],
                "protocol": "tcp",
                "security_groups": [],
                "self": false,
                "to_port": 22
              },
              {
                "cidr_blocks": [
                  "0.0.0.0/0"
                ],
                "description": "",
                "from_port": 80,
                "ipv6_cidr_blocks": [],
                "prefix_list_ids": [],
                "protocol": "tcp",
                "security_groups": [],
                "self": false,
                "to_port": 80
              }
            ],
            "name": "ec2_security_group",
            "name_prefix": "",
            "owner_id": "381492039678",
            "revoke_rules_on_delete": false,
            "tags": null,
            "tags_all": {},
            "timeouts": null,
            "vpc_id": "vpc-0dcbed84ccfe01fba"
          },
          "sensitive_attributes": [],
          "private": "eyJlMmJmYjczMC1lY2FhLTExZTYtOGY4OC0zNDM2M2JjN2M0YzAiOnsiY3JlYXRlIjo2MDAwMDAwMDAwMDAsImRlbGV0ZSI6OTAwMDAwMDAwMDAwfSwic2NoZW1hX3ZlcnNpb24iOiIxIn0=",
          "dependencies": [
            "aws_vpc.firefly_vpc"
          ]
        }
      ]
    },
    {
      "mode": "managed",
      "type": "aws_security_group",
      "name": "new_sg",
      "provider": "provider[\"registry.terraform.io/hashicorp/aws\"]",
      "instances": [
        {
          "schema_version": 1,
          "attributes": {
            "arn": "arn:aws:ec2:us-east-1:381492039678:security-group/sg-08dc45615e1b50bdf",
            "description": "The Security group for part 2 task 3",
            "egress": [
              {
                "cidr_blocks": [
                  "0.0.0.0/0"
                ],
                "description": "defult ",
                "from_port": 0,
                "ipv6_cidr_blocks": [],
                "prefix_list_ids": [],
                "protocol": "-1",
                "security_groups": [],
                "self": false,
                "to_port": 0
              }
            ],
            "id": "sg-08dc45615e1b50bdf",
            "ingress": [
              {
                "cidr_blocks": [
                  "0.0.0.0/0"
                ],
                "description": "",
                "from_port": 22,
                "ipv6_cidr_blocks": [],
                "prefix_list_ids": [],
                "protocol": "tcp",
                "security_groups": [],
                "self": false,
                "to_port": 22
              },
              {
                "cidr_blocks": [
                  "0.0.0.0/0"
                ],
                "description": "",
                "from_port": 80,
                "ipv6_cidr_blocks": [],
                "prefix_list_ids": [],
                "protocol": "tcp",
                "security_groups": [],
                "self": false,
                "to_port": 80
              }
            ],
            "name": "new-ec2-security-group",
            "name_prefix": "",
            "owner_id": "381492039678",
            "revoke_rules_on_delete": null,
            "tags": {
              "part2": "task3"
            },
            "tags_all": {
              "part2": "task3"
            },
            "timeouts": null,
            "vpc_id": "vpc-0dcbed84ccfe01fba"
          },
          "sensitive_attributes": [],
          "private": "eyJlMmJmYjczMC1lY2FhLTExZTYtOGY4OC0zNDM2M2JjN2M0YzAiOnsiY3JlYXRlIjo2MDAwMDAwMDAwMDAsImRlbGV0ZSI6OTAwMDAwMDAwMDAwfSwic2NoZW1hX3ZlcnNpb24iOiIxIn0="
        }
      ]
    },
    {
      "mode": "managed",
      "type": "aws_subnet",
      "name": "firefly-public-subnet",
      "provider": "provider[\"registry.terraform.io/hashicorp/aws\"]",
      "instances": [
        {
          "schema_version": 1,
          "attributes": {
            "arn": "arn:aws:ec2:us-east-1:381492039678:subnet/subnet-0ec61a36ec0730916",
            "assign_ipv6_address_on_creation": false,
            "availability_zone": "us-east-1c",
            "availability_zone_id": "use1-az2",
            "cidr_block": "10.0.1.0/24",
            "customer_owned_ipv4_pool": "",
            "enable_dns64": false,
            "enable_lni_at_device_index": 0,
            "enable_resource_name_dns_a_record_on_launch": false,
            "enable_resource_name_dns_aaaa_record_on_launch": false,
            "id": "subnet-0ec61a36ec0730916",
            "ipv6_cidr_block": "",
            "ipv6_cidr_block_association_id": "",
            "ipv6_native": false,
            "map_customer_owned_ip_on_launch": false,
            "map_public_ip_on_launch": false,
            "outpost_arn": "",
            "owner_id": "381492039678",
            "private_dns_hostname_type_on_launch": "ip-name",
            "tags": {
              "Name": "firefly_public_subnet"
            },
            "tags_all": {
              "Name": "firefly_public_subnet"
            },
            "timeouts": null,
            "vpc_id": "vpc-0dcbed84ccfe01fba"
          },
          "sensitive_attributes": [],
          "private": "eyJlMmJmYjczMC1lY2FhLTExZTYtOGY4OC0zNDM2M2JjN2M0YzAiOnsiY3JlYXRlIjo2MDAwMDAwMDAwMDAsImRlbGV0ZSI6MTIwMDAwMDAwMDAwMH0sInNjaGVtYV92ZXJzaW9uIjoiMSJ9",
          "dependencies": [
            "aws_vpc.firefly_vpc"
          ]
        }
      ]
    },
    {
      "mode": "managed",
      "type": "aws_vpc",
      "name": "firefly_vpc",
      "provider": "provider[\"registry.terraform.io/hashicorp/aws\"]",
      "instances": [
        {
          "schema_version": 1,
          "attributes": {
            "arn": "arn:aws:ec2:us-east-1:381492039678:vpc/vpc-0dcbed84ccfe01fba",
            "assign_generated_ipv6_cidr_block": false,
            "cidr_block": "10.0.0.0/16",
            "default_network_acl_id": "acl-0c415ad9152d12b36",
            "default_route_table_id": "rtb-045dc07640e2a3984",
            "default_security_group_id": "sg-0a0d629b4701b7a70",
            "dhcp_options_id": "dopt-0190c4de8ac36a441",
            "enable_dns_hostnames": true,
            "enable_dns_support": true,
            "enable_network_address_usage_metrics": false,
            "id": "vpc-0dcbed84ccfe01fba",
            "instance_tenancy": "default",
            "ipv4_ipam_pool_id": null,
            "ipv4_netmask_length": null,
            "ipv6_association_id": "",
            "ipv6_cidr_block": "",
            "ipv6_cidr_block_network_border_group": "",
            "ipv6_ipam_pool_id": "",
            "ipv6_netmask_length": 0,
            "main_route_table_id": "rtb-045dc07640e2a3984",
            "owner_id": "381492039678",
            "tags": {
              "Name": "firefly_main_vpc"
            },
            "tags_all": {
              "Name": "firefly_main_vpc"
            }
          },
          "sensitive_attributes": [],
          "private": "eyJzY2hlbWFfdmVyc2lvbiI6IjEifQ=="
        }
      ]
    },
    {
      "mode": "managed",
      "type": "local_file",
      "name": "tf_key",
      "provider": "provider[\"registry.terraform.io/hashicorp/local\"]",
      "instances": [
        {
          "schema_version": 0,
          "attributes": {
            "content": "-----BEGIN RSA PRIVATE KEY-----\nMIIJKAIBAAKCAgEAseEAKLton4W0wIs0GOHh9sAVdem777yAQ9yeccOxOcvLefm/\nq8K1954HEm0wpF4pyymx4wDY/C5usssJzrrHLiT7r0wtduk+uds0F3hsHtNUcX52\nb/FSz+QpBjjeWgAUSsJycxXMjMz5tUCvnYYQuHJT0L4H1CQFfXj6qaAuTJuo4fbR\nn3qyxy/eT7ii7ywZQcp+VGZtUFR/aQa4rRSfSubU2ZnonTWlJi4qJD4AWBim+WEf\nMmIHuRizKcuawNlXnPcnR2XIFK08/El2xFc/YRHByFsWHDVAK6pRtU/+gRyf4nLT\nztCICp5HHJPS2WYBXoFzGhqaEo4338AHv7cf3wCzVSRsXxMhAe5VkOjG4eZ/ib/g\nB9F5YaEDamNsJd5+L1GHJbBxJGxTlcHZHGQ+uxtc1HD2VNu65uic5kgx5gR994Bm\nvoLq8w9tioPcz3gqZCJtWe81aiUmmG2SmsiCmJoY8i6QVv3yZLuXKLIkflJPXTDu\nHTNKxeexf4AWKgUyJ9re1GnK/uzIlVUkqQRY431u/NwaocbWB0qFgD3qeHMybP1l\nH+/Wl4/CX+8Q4lFnL9SE1SWuy+WHx+x5/tSwoyGHIk/jBJ27X4M+zJj21dX043ZU\nDvxLWwBOKUZbmvQSUGfynIpLS+hB3kSSTbcoHDBaWQ1HixU6F8BKbpOqtYUCAwEA\nAQKCAgAbaylRHgI0hLGl9E8lfrwMAvPL5yl2/MFwtHMf6iBJXmaQ+LRYz3ypHIzO\nhFI5I+KhVF39NcY8qRObL7zlRtko/b5l+QIREEcA8w8GhyNzZPPhQrMS8knnja3d\nLaroiJaYJ3zozHVpRrc+/yeSynWNWOIejQw74QmPm7RXrT81w9C2dAs/3/PqzDAi\nbb1/zHZgM8xhSiCTf1LcZ5LT6xfavdYVbKn0ga5hQkBwsbXv3mzuh8/9PiselvYW\n/TFvhJECuv4s/T1oIoQCB3jtLt2wIsKSFahE1Nh9YpWRszDxye3DRBvuByrRKDCh\n8Q9RP236mU2aunsBXTazoLARFzMsNO0y2xpbR6uSfBOhETG7LDCtbYucWJT1rsyC\nlz4WCjOPBX/uPWCxTeYdl+nAyrUU1eHXMVQGAl0gC9e7w4PeEcsWAC8XBK3dIDaD\nIh5ATU6Wi1MuOy2VO7VPiTz9HSwNX0yBD0ALmCd+06/GT5lJpdRJOLuiowIxdOos\nvMJFZBcvqnlqnGMo3Gb7Tz3GZ79W4v78u4aMLwmy1uJg+C14Ck84zmaH/l6HFeos\nMhMdQRrZdscGOCvTwPQs5B8bpXLNEZ0Jxkb5cjxoKipYgV/4cNFcNwjzXnU/LptT\n4MbqSz21DUh33SgtCuXo/6f9dt27fVPWlQXM/Q7x2z8RcA//CQKCAQEA0YzA2LSw\nZDUTvw4HuOruc49Wl1oJG+I6axQj87z60amWbCyx7lplRXaD0an2oeOy+yY90kUG\njGdeZKcDfQm6xGmnl/iiHZyODZs/oMU3oiSKunH13DJIaFBmbI+HbjljV8aU5egt\neEAhyv0t5Sx94tJZpMT+ekzIW2EF2L8wgzFC1iwiM17GDmnMI6fQmpyHNEDarM4C\nDx/NtLQWRjsfpTy9MhzLbAyt+MHzuwkC5jiPilJ4E1xB34+wwsMi34OrdtnaejcQ\n6LsUZphnV+iIY7OpwBx6b0LlnCnB7tVqMGdO42pk3DLbgCsyagkhDKmOzROH8gFl\n/pR/vP3+i7qdDwKCAQEA2U8HpIi9e2fyp1g7eA/xRYeze2ofPjLlOjzi5qu9alnP\n3DTNIT96gxIY7oc3fJF6FmoOGdJRPVsTG+nvR9i1XsOUTD+AtAuZaVNMI1+0VMIw\n8B+j+frCN9Skr40Tmh32LNXTvH2EMGt7rMW4Hh9Zz+Oe0IKkaHyIvw6yjAv1v4Sg\nQAU7NruPZUrf8cBqMIVnbXjy1XTfo7HrhMH1lc4OJ28YT+LaS5FqKVelNyPQ6vOQ\n5ELCdUEoInRrffMTl/VN6zGULj8ke++Oz1htkr6vJKoDA8iGBRXmEDK8FM4iHOu4\nglBv5aSfkLZTUkZYiSpO3mcarS5F28436bscrfBsKwKCAQEAxotVYT56bse3iOtz\nN6so+UcTpV4CiW/lJ/WyRsuE3siPJLmIcS0nDRTIuwwOCb+josDODH+oP7nlPvrb\nnEpuspDk4WILwIDIO24gcGTMXI3A//zgFZ1y65taIHwxtqcbUFxwUhGVm30wR5Nx\nO9XXBOWHWE3qS9iacbJRBtfH0FYJXMH+OawPfjKR4CqtxQCQPltAlkCuxMO+dPu4\nqxxz1GzjWircNukgoTSriUh1fcqTfly7NqTQKVGNCkw3q42nFXo+vlOUat5u6vJ1\n4F4LdGQTb1nMS8UXpsoN3QxKi8gmf+Ub4WMyhJLpNnyl2siA7CAYS501lWwASAJk\nfuH20wKCAQARTv4o2Mte3PSy55A1C/AHvbtKBTXf2mXvsZHRFbTMl8K6o2oDT+8O\nKY7a0OJWha/XwTLGU74syOhIvOVWL6iil6lkOVqi/JmHjh7uYl0WszD6r0p8SsDV\neZZ0dSQujlxhTdbDmKvCv4zmQglcPNsGd/baXM2DlQe/UAhgp0M3sfShpMkGnwHY\n65HSy6SpoLaQPaX54ok9nJpJxLku6W6vLWYeVs9UXYy7JkP+lFe7nxLXW4nplPsB\nY4x8R7Qz0lIWfahz1outY3NYiI6RtaZ1oSUEVCB4nznn6GKataB59TyJBKck/2vG\nNv+D+h5rLneBt2ykhp8B1vcVItYx9IhpAoIBAEBne8rjhLg/4XI2gG3AHbXj0MyB\nr4uUXLdoopIjgPdqJPur/0oXhWucFXgb+6r1UFxqsvoyHOeDTSppPFaV4feWtzZf\nDY+BXYYKrwMpYsVxSyZEa44o4qH5atdLApvvxrJuVrN9xlHwKTVbA22KdBX66/7t\niC3ueCACz0jP1AAPsULQXQTNCTFdSefg1Kz1T0D9HHio8O1Xrv9T6tOicWM45Sz+\nFhqfgXgZnqKGneA6Rwr63WfwG2nA1c9TW/MeOkIrP7k7mrzukI0/704m/P8u9iSC\n1eygt31y+cqkrceBLR1IJLHDu+nB2PjWa89lDetllEFAs+GVEkHSc6pHoXI=\n-----END RSA PRIVATE KEY-----\n",
            "content_base64": null,
            "content_base64sha256": "wN91ss2svYc2RbgHMhC7rJgbP0svL0ST/dUwd+Jpc6A=",
            "content_base64sha512": "XkBi2HPTmZuUPt7vE/5+c5XJCN9pXXPwMY9171IysWsNAOoWkZhHSTeGKd3TDMbmydYaJNH3/8yw2k6i1FGvpg==",
            "content_md5": "a2ed50f97a5ed76771ca98280b9bcb30",
            "content_sha1": "620333e1836cea2fb5a1b7f9982fa12201b3e1ca",
            "content_sha256": "c0df75b2cdacbd873645b8073210bbac981b3f4b2f2f4493fdd53077e26973a0",
            "content_sha512": "5e4062d873d3999b943edeef13fe7e7395c908df695d73f0318f75ef5232b16b0d00ea1691984749378629ddd30cc6e6c9d61a24d1f7ffccb0da4ea2d451afa6",
            "directory_permission": "0777",
            "file_permission": "0777",
            "filename": "my-key-pair.pem",
            "id": "620333e1836cea2fb5a1b7f9982fa12201b3e1ca",
            "sensitive_content": null,
            "source": null
          },
          "sensitive_attributes": [
            [
              {
                "type": "get_attr",
                "value": "sensitive_content"
              }
            ],
            [
              {
                "type": "get_attr",
                "value": "content"
              }
            ]
          ],
          "dependencies": [
            "tls_private_key.rsa"
          ]
        }
      ]
    },
    {
      "mode": "managed",
      "type": "random_string",
      "name": "suffix",
      "provider": "provider[\"registry.terraform.io/hashicorp/random\"]",
      "instances": [
        {
          "schema_version": 2,
          "attributes": {
            "id": "en53sr",
            "keepers": null,
            "length": 6,
            "lower": true,
            "min_lower": 0,
            "min_numeric": 0,
            "min_special": 0,
            "min_upper": 0,
            "number": true,
            "numeric": true,
            "override_special": null,
            "result": "en53sr",
            "special": false,
            "upper": false
          },
          "sensitive_attributes": []
        }
      ]
    },
    {
      "mode": "managed",
      "type": "tls_private_key",
      "name": "rsa",
      "provider": "provider[\"registry.terraform.io/hashicorp/tls\"]",
      "instances": [
        {
          "schema_version": 1,
          "attributes": {
            "algorithm": "RSA",
            "ecdsa_curve": "P224",
            "id": "edbdc2d96f5431784fee84301ffbd5a336436457",
            "private_key_openssh": "-----BEGIN OPENSSH PRIVATE KEY-----\nb3BlbnNzaC1rZXktdjEAAAAABG5vbmUAAAAEbm9uZQAAAAAAAAABAAACFwAAAAdz\nc2gtcnNhAAAAAwEAAQAAAgEAseEAKLton4W0wIs0GOHh9sAVdem777yAQ9yeccOx\nOcvLefm/q8K1954HEm0wpF4pyymx4wDY/C5usssJzrrHLiT7r0wtduk+uds0F3hs\nHtNUcX52b/FSz+QpBjjeWgAUSsJycxXMjMz5tUCvnYYQuHJT0L4H1CQFfXj6qaAu\nTJuo4fbRn3qyxy/eT7ii7ywZQcp+VGZtUFR/aQa4rRSfSubU2ZnonTWlJi4qJD4A\nWBim+WEfMmIHuRizKcuawNlXnPcnR2XIFK08/El2xFc/YRHByFsWHDVAK6pRtU/+\ngRyf4nLTztCICp5HHJPS2WYBXoFzGhqaEo4338AHv7cf3wCzVSRsXxMhAe5VkOjG\n4eZ/ib/gB9F5YaEDamNsJd5+L1GHJbBxJGxTlcHZHGQ+uxtc1HD2VNu65uic5kgx\n5gR994BmvoLq8w9tioPcz3gqZCJtWe81aiUmmG2SmsiCmJoY8i6QVv3yZLuXKLIk\nflJPXTDuHTNKxeexf4AWKgUyJ9re1GnK/uzIlVUkqQRY431u/NwaocbWB0qFgD3q\neHMybP1lH+/Wl4/CX+8Q4lFnL9SE1SWuy+WHx+x5/tSwoyGHIk/jBJ27X4M+zJj2\n1dX043ZUDvxLWwBOKUZbmvQSUGfynIpLS+hB3kSSTbcoHDBaWQ1HixU6F8BKbpOq\ntYUAAAc4RZJCfUWSQn0AAAAHc3NoLXJzYQAAAgEAseEAKLton4W0wIs0GOHh9sAV\ndem777yAQ9yeccOxOcvLefm/q8K1954HEm0wpF4pyymx4wDY/C5usssJzrrHLiT7\nr0wtduk+uds0F3hsHtNUcX52b/FSz+QpBjjeWgAUSsJycxXMjMz5tUCvnYYQuHJT\n0L4H1CQFfXj6qaAuTJuo4fbRn3qyxy/eT7ii7ywZQcp+VGZtUFR/aQa4rRSfSubU\n2ZnonTWlJi4qJD4AWBim+WEfMmIHuRizKcuawNlXnPcnR2XIFK08/El2xFc/YRHB\nyFsWHDVAK6pRtU/+gRyf4nLTztCICp5HHJPS2WYBXoFzGhqaEo4338AHv7cf3wCz\nVSRsXxMhAe5VkOjG4eZ/ib/gB9F5YaEDamNsJd5+L1GHJbBxJGxTlcHZHGQ+uxtc\n1HD2VNu65uic5kgx5gR994BmvoLq8w9tioPcz3gqZCJtWe81aiUmmG2SmsiCmJoY\n8i6QVv3yZLuXKLIkflJPXTDuHTNKxeexf4AWKgUyJ9re1GnK/uzIlVUkqQRY431u\n/NwaocbWB0qFgD3qeHMybP1lH+/Wl4/CX+8Q4lFnL9SE1SWuy+WHx+x5/tSwoyGH\nIk/jBJ27X4M+zJj21dX043ZUDvxLWwBOKUZbmvQSUGfynIpLS+hB3kSSTbcoHDBa\nWQ1HixU6F8BKbpOqtYUAAAADAQABAAACABtrKVEeAjSEsaX0TyV+vAwC88vnKXb8\nwXC0cx/qIEleZpD4tFjPfKkcjM6EUjkj4qFUXf01xjypE5svvOVG2Sj9vmX5AhEQ\nRwDzDwaHI3Nk8+FCsxLySeeNrd0tquiIlpgnfOjMdWlGtz7/J5LKdY1Y4h6NDDvh\nCY+btFetPzXD0LZ0Cz/f8+rMMCJtvX/MdmAzzGFKIJN/UtxnktPrF9q91hVsqfSB\nrmFCQHCxte/ebO6Hz/0+Kx6W9hb9MW+EkQK6/iz9PWgihAIHeO0u3bAiwpIVqETU\n2H1ilZGzMPHJ7cNEG+4HKtEoMKHxD1E/bfqZTZq6ewFdNrOgsBEXMyw07TLbGltH\nq5J8E6ERMbssMK1ti5xYlPWuzIKXPhYKM48Ff+49YLFN5h2X6cDKtRTV4dcxVAYC\nXSAL17vDg94RyxYALxcErd0gNoMiHkBNTpaLUy47LZU7tU+JPP0dLA1fTIEPQAuY\nJ37Tr8ZPmUml1Ek4u6KjAjF06iy8wkVkFy+qeWqcYyjcZvtPPcZnv1bi/vy7howv\nCbLW4mD4LXgKTzjOZof+XocV6iwyEx1BGtl2xwY4K9PA9CzkHxulcs0RnQnGRvly\nPGgqKliBX/hw0Vw3CPNedT8um1PgxupLPbUNSHfdKC0K5ej/p/123bt9U9aVBcz9\nDvHbPxFwD/8JAAABAEBne8rjhLg/4XI2gG3AHbXj0MyBr4uUXLdoopIjgPdqJPur\n/0oXhWucFXgb+6r1UFxqsvoyHOeDTSppPFaV4feWtzZfDY+BXYYKrwMpYsVxSyZE\na44o4qH5atdLApvvxrJuVrN9xlHwKTVbA22KdBX66/7tiC3ueCACz0jP1AAPsULQ\nXQTNCTFdSefg1Kz1T0D9HHio8O1Xrv9T6tOicWM45Sz+FhqfgXgZnqKGneA6Rwr6\n3WfwG2nA1c9TW/MeOkIrP7k7mrzukI0/704m/P8u9iSC1eygt31y+cqkrceBLR1I\nJLHDu+nB2PjWa89lDetllEFAs+GVEkHSc6pHoXIAAAEBANGMwNi0sGQ1E78OB7jq\n7nOPVpdaCRviOmsUI/O8+tGplmwsse5aZUV2g9Gp9qHjsvsmPdJFBoxnXmSnA30J\nusRpp5f4oh2cjg2bP6DFN6Ikirpx9dwySGhQZmyPh245Y1fGlOXoLXhAIcr9LeUs\nfeLSWaTE/npMyFthBdi/MIMxQtYsIjNexg5pzCOn0JqchzRA2qzOAg8fzbS0FkY7\nH6U8vTIcy2wMrfjB87sJAuY4j4pSeBNcQd+PsMLDIt+Dq3bZ2no3EOi7FGaYZ1fo\niGOzqcAcem9C5Zwpwe7VajBnTuNqZNwy24ArMmoJIQypjs0Th/IBZf6Uf7z9/ou6\nnQ8AAAEBANlPB6SIvXtn8qdYO3gP8UWHs3tqHz4y5To84uarvWpZz9w0zSE/eoMS\nGO6HN3yRehZqDhnSUT1bExvp70fYtV7DlEw/gLQLmWlTTCNftFTCMPAfo/n6wjfU\npK+NE5od9izV07x9hDBre6zFuB4fWc/jntCCpGh8iL8OsowL9b+EoEAFOza7j2VK\n3/HAajCFZ2148tV036Ox64TB9ZXODidvGE/i2kuRailXpTcj0OrzkORCwnVBKCJ0\na33zE5f1TesxlC4/JHvvjs9YbZK+rySqAwPIhgUV5hAyvBTOIhzruIJQb+Wkn5C2\nU1JGWIkqTt5nGq0uRdvON+m7HK3wbCsAAAAAAQID\n-----END OPENSSH PRIVATE KEY-----\n",
            "private_key_pem": "-----BEGIN RSA PRIVATE KEY-----\nMIIJKAIBAAKCAgEAseEAKLton4W0wIs0GOHh9sAVdem777yAQ9yeccOxOcvLefm/\nq8K1954HEm0wpF4pyymx4wDY/C5usssJzrrHLiT7r0wtduk+uds0F3hsHtNUcX52\nb/FSz+QpBjjeWgAUSsJycxXMjMz5tUCvnYYQuHJT0L4H1CQFfXj6qaAuTJuo4fbR\nn3qyxy/eT7ii7ywZQcp+VGZtUFR/aQa4rRSfSubU2ZnonTWlJi4qJD4AWBim+WEf\nMmIHuRizKcuawNlXnPcnR2XIFK08/El2xFc/YRHByFsWHDVAK6pRtU/+gRyf4nLT\nztCICp5HHJPS2WYBXoFzGhqaEo4338AHv7cf3wCzVSRsXxMhAe5VkOjG4eZ/ib/g\nB9F5YaEDamNsJd5+L1GHJbBxJGxTlcHZHGQ+uxtc1HD2VNu65uic5kgx5gR994Bm\nvoLq8w9tioPcz3gqZCJtWe81aiUmmG2SmsiCmJoY8i6QVv3yZLuXKLIkflJPXTDu\nHTNKxeexf4AWKgUyJ9re1GnK/uzIlVUkqQRY431u/NwaocbWB0qFgD3qeHMybP1l\nH+/Wl4/CX+8Q4lFnL9SE1SWuy+WHx+x5/tSwoyGHIk/jBJ27X4M+zJj21dX043ZU\nDvxLWwBOKUZbmvQSUGfynIpLS+hB3kSSTbcoHDBaWQ1HixU6F8BKbpOqtYUCAwEA\nAQKCAgAbaylRHgI0hLGl9E8lfrwMAvPL5yl2/MFwtHMf6iBJXmaQ+LRYz3ypHIzO\nhFI5I+KhVF39NcY8qRObL7zlRtko/b5l+QIREEcA8w8GhyNzZPPhQrMS8knnja3d\nLaroiJaYJ3zozHVpRrc+/yeSynWNWOIejQw74QmPm7RXrT81w9C2dAs/3/PqzDAi\nbb1/zHZgM8xhSiCTf1LcZ5LT6xfavdYVbKn0ga5hQkBwsbXv3mzuh8/9PiselvYW\n/TFvhJECuv4s/T1oIoQCB3jtLt2wIsKSFahE1Nh9YpWRszDxye3DRBvuByrRKDCh\n8Q9RP236mU2aunsBXTazoLARFzMsNO0y2xpbR6uSfBOhETG7LDCtbYucWJT1rsyC\nlz4WCjOPBX/uPWCxTeYdl+nAyrUU1eHXMVQGAl0gC9e7w4PeEcsWAC8XBK3dIDaD\nIh5ATU6Wi1MuOy2VO7VPiTz9HSwNX0yBD0ALmCd+06/GT5lJpdRJOLuiowIxdOos\nvMJFZBcvqnlqnGMo3Gb7Tz3GZ79W4v78u4aMLwmy1uJg+C14Ck84zmaH/l6HFeos\nMhMdQRrZdscGOCvTwPQs5B8bpXLNEZ0Jxkb5cjxoKipYgV/4cNFcNwjzXnU/LptT\n4MbqSz21DUh33SgtCuXo/6f9dt27fVPWlQXM/Q7x2z8RcA//CQKCAQEA0YzA2LSw\nZDUTvw4HuOruc49Wl1oJG+I6axQj87z60amWbCyx7lplRXaD0an2oeOy+yY90kUG\njGdeZKcDfQm6xGmnl/iiHZyODZs/oMU3oiSKunH13DJIaFBmbI+HbjljV8aU5egt\neEAhyv0t5Sx94tJZpMT+ekzIW2EF2L8wgzFC1iwiM17GDmnMI6fQmpyHNEDarM4C\nDx/NtLQWRjsfpTy9MhzLbAyt+MHzuwkC5jiPilJ4E1xB34+wwsMi34OrdtnaejcQ\n6LsUZphnV+iIY7OpwBx6b0LlnCnB7tVqMGdO42pk3DLbgCsyagkhDKmOzROH8gFl\n/pR/vP3+i7qdDwKCAQEA2U8HpIi9e2fyp1g7eA/xRYeze2ofPjLlOjzi5qu9alnP\n3DTNIT96gxIY7oc3fJF6FmoOGdJRPVsTG+nvR9i1XsOUTD+AtAuZaVNMI1+0VMIw\n8B+j+frCN9Skr40Tmh32LNXTvH2EMGt7rMW4Hh9Zz+Oe0IKkaHyIvw6yjAv1v4Sg\nQAU7NruPZUrf8cBqMIVnbXjy1XTfo7HrhMH1lc4OJ28YT+LaS5FqKVelNyPQ6vOQ\n5ELCdUEoInRrffMTl/VN6zGULj8ke++Oz1htkr6vJKoDA8iGBRXmEDK8FM4iHOu4\nglBv5aSfkLZTUkZYiSpO3mcarS5F28436bscrfBsKwKCAQEAxotVYT56bse3iOtz\nN6so+UcTpV4CiW/lJ/WyRsuE3siPJLmIcS0nDRTIuwwOCb+josDODH+oP7nlPvrb\nnEpuspDk4WILwIDIO24gcGTMXI3A//zgFZ1y65taIHwxtqcbUFxwUhGVm30wR5Nx\nO9XXBOWHWE3qS9iacbJRBtfH0FYJXMH+OawPfjKR4CqtxQCQPltAlkCuxMO+dPu4\nqxxz1GzjWircNukgoTSriUh1fcqTfly7NqTQKVGNCkw3q42nFXo+vlOUat5u6vJ1\n4F4LdGQTb1nMS8UXpsoN3QxKi8gmf+Ub4WMyhJLpNnyl2siA7CAYS501lWwASAJk\nfuH20wKCAQARTv4o2Mte3PSy55A1C/AHvbtKBTXf2mXvsZHRFbTMl8K6o2oDT+8O\nKY7a0OJWha/XwTLGU74syOhIvOVWL6iil6lkOVqi/JmHjh7uYl0WszD6r0p8SsDV\neZZ0dSQujlxhTdbDmKvCv4zmQglcPNsGd/baXM2DlQe/UAhgp0M3sfShpMkGnwHY\n65HSy6SpoLaQPaX54ok9nJpJxLku6W6vLWYeVs9UXYy7JkP+lFe7nxLXW4nplPsB\nY4x8R7Qz0lIWfahz1outY3NYiI6RtaZ1oSUEVCB4nznn6GKataB59TyJBKck/2vG\nNv+D+h5rLneBt2ykhp8B1vcVItYx9IhpAoIBAEBne8rjhLg/4XI2gG3AHbXj0MyB\nr4uUXLdoopIjgPdqJPur/0oXhWucFXgb+6r1UFxqsvoyHOeDTSppPFaV4feWtzZf\nDY+BXYYKrwMpYsVxSyZEa44o4qH5atdLApvvxrJuVrN9xlHwKTVbA22KdBX66/7t\niC3ueCACz0jP1AAPsULQXQTNCTFdSefg1Kz1T0D9HHio8O1Xrv9T6tOicWM45Sz+\nFhqfgXgZnqKGneA6Rwr63WfwG2nA1c9TW/MeOkIrP7k7mrzukI0/704m/P8u9iSC\n1eygt31y+cqkrceBLR1IJLHDu+nB2PjWa89lDetllEFAs+GVEkHSc6pHoXI=\n-----END RSA PRIVATE KEY-----\n",
            "private_key_pem_pkcs8": "-----BEGIN PRIVATE KEY-----\nMIIJQgIBADANBgkqhkiG9w0BAQEFAASCCSwwggkoAgEAAoICAQCx4QAou2ifhbTA\nizQY4eH2wBV16bvvvIBD3J5xw7E5y8t5+b+rwrX3ngcSbTCkXinLKbHjANj8Lm6y\nywnOuscuJPuvTC126T652zQXeGwe01RxfnZv8VLP5CkGON5aABRKwnJzFcyMzPm1\nQK+dhhC4clPQvgfUJAV9ePqpoC5Mm6jh9tGferLHL95PuKLvLBlByn5UZm1QVH9p\nBritFJ9K5tTZmeidNaUmLiokPgBYGKb5YR8yYge5GLMpy5rA2Vec9ydHZcgUrTz8\nSXbEVz9hEcHIWxYcNUArqlG1T/6BHJ/ictPO0IgKnkcck9LZZgFegXMaGpoSjjff\nwAe/tx/fALNVJGxfEyEB7lWQ6Mbh5n+Jv+AH0XlhoQNqY2wl3n4vUYclsHEkbFOV\nwdkcZD67G1zUcPZU27rm6JzmSDHmBH33gGa+gurzD22Kg9zPeCpkIm1Z7zVqJSaY\nbZKayIKYmhjyLpBW/fJku5cosiR+Uk9dMO4dM0rF57F/gBYqBTIn2t7Uacr+7MiV\nVSSpBFjjfW783BqhxtYHSoWAPep4czJs/WUf79aXj8Jf7xDiUWcv1ITVJa7L5YfH\n7Hn+1LCjIYciT+MEnbtfgz7MmPbV1fTjdlQO/EtbAE4pRlua9BJQZ/KciktL6EHe\nRJJNtygcMFpZDUeLFToXwEpuk6q1hQIDAQABAoICABtrKVEeAjSEsaX0TyV+vAwC\n88vnKXb8wXC0cx/qIEleZpD4tFjPfKkcjM6EUjkj4qFUXf01xjypE5svvOVG2Sj9\nvmX5AhEQRwDzDwaHI3Nk8+FCsxLySeeNrd0tquiIlpgnfOjMdWlGtz7/J5LKdY1Y\n4h6NDDvhCY+btFetPzXD0LZ0Cz/f8+rMMCJtvX/MdmAzzGFKIJN/UtxnktPrF9q9\n1hVsqfSBrmFCQHCxte/ebO6Hz/0+Kx6W9hb9MW+EkQK6/iz9PWgihAIHeO0u3bAi\nwpIVqETU2H1ilZGzMPHJ7cNEG+4HKtEoMKHxD1E/bfqZTZq6ewFdNrOgsBEXMyw0\n7TLbGltHq5J8E6ERMbssMK1ti5xYlPWuzIKXPhYKM48Ff+49YLFN5h2X6cDKtRTV\n4dcxVAYCXSAL17vDg94RyxYALxcErd0gNoMiHkBNTpaLUy47LZU7tU+JPP0dLA1f\nTIEPQAuYJ37Tr8ZPmUml1Ek4u6KjAjF06iy8wkVkFy+qeWqcYyjcZvtPPcZnv1bi\n/vy7howvCbLW4mD4LXgKTzjOZof+XocV6iwyEx1BGtl2xwY4K9PA9CzkHxulcs0R\nnQnGRvlyPGgqKliBX/hw0Vw3CPNedT8um1PgxupLPbUNSHfdKC0K5ej/p/123bt9\nU9aVBcz9DvHbPxFwD/8JAoIBAQDRjMDYtLBkNRO/Dge46u5zj1aXWgkb4jprFCPz\nvPrRqZZsLLHuWmVFdoPRqfah47L7Jj3SRQaMZ15kpwN9CbrEaaeX+KIdnI4Nmz+g\nxTeiJIq6cfXcMkhoUGZsj4duOWNXxpTl6C14QCHK/S3lLH3i0lmkxP56TMhbYQXY\nvzCDMULWLCIzXsYOacwjp9CanIc0QNqszgIPH820tBZGOx+lPL0yHMtsDK34wfO7\nCQLmOI+KUngTXEHfj7DCwyLfg6t22dp6NxDouxRmmGdX6Ihjs6nAHHpvQuWcKcHu\n1WowZ07jamTcMtuAKzJqCSEMqY7NE4fyAWX+lH+8/f6Lup0PAoIBAQDZTwekiL17\nZ/KnWDt4D/FFh7N7ah8+MuU6POLmq71qWc/cNM0hP3qDEhjuhzd8kXoWag4Z0lE9\nWxMb6e9H2LVew5RMP4C0C5lpU0wjX7RUwjDwH6P5+sI31KSvjROaHfYs1dO8fYQw\na3usxbgeH1nP457QgqRofIi/DrKMC/W/hKBABTs2u49lSt/xwGowhWdtePLVdN+j\nseuEwfWVzg4nbxhP4tpLkWopV6U3I9Dq85DkQsJ1QSgidGt98xOX9U3rMZQuPyR7\n747PWG2Svq8kqgMDyIYFFeYQMrwUziIc67iCUG/lpJ+QtlNSRliJKk7eZxqtLkXb\nzjfpuxyt8GwrAoIBAQDGi1VhPnpux7eI63M3qyj5RxOlXgKJb+Un9bJGy4TeyI8k\nuYhxLScNFMi7DA4Jv6OiwM4Mf6g/ueU++tucSm6ykOThYgvAgMg7biBwZMxcjcD/\n/OAVnXLrm1ogfDG2pxtQXHBSEZWbfTBHk3E71dcE5YdYTepL2JpxslEG18fQVglc\nwf45rA9+MpHgKq3FAJA+W0CWQK7Ew750+7irHHPUbONaKtw26SChNKuJSHV9ypN+\nXLs2pNApUY0KTDerjacVej6+U5Rq3m7q8nXgXgt0ZBNvWcxLxRemyg3dDEqLyCZ/\n5RvhYzKEkuk2fKXayIDsIBhLnTWVbABIAmR+4fbTAoIBABFO/ijYy17c9LLnkDUL\n8Ae9u0oFNd/aZe+xkdEVtMyXwrqjagNP7w4pjtrQ4laFr9fBMsZTvizI6Ei85VYv\nqKKXqWQ5WqL8mYeOHu5iXRazMPqvSnxKwNV5lnR1JC6OXGFN1sOYq8K/jOZCCVw8\n2wZ39tpczYOVB79QCGCnQzex9KGkyQafAdjrkdLLpKmgtpA9pfniiT2cmknEuS7p\nbq8tZh5Wz1RdjLsmQ/6UV7ufEtdbiemU+wFjjHxHtDPSUhZ9qHPWi61jc1iIjpG1\npnWhJQRUIHifOefoYpq1oHn1PIkEpyT/a8Y2/4P6Hmsud4G3bKSGnwHW9xUi1jH0\niGkCggEAQGd7yuOEuD/hcjaAbcAdtePQzIGvi5Rct2iikiOA92ok+6v/SheFa5wV\neBv7qvVQXGqy+jIc54NNKmk8VpXh95a3Nl8Nj4FdhgqvAylixXFLJkRrjijioflq\n10sCm+/Gsm5Ws33GUfApNVsDbYp0Ffrr/u2ILe54IALPSM/UAA+xQtBdBM0JMV1J\n5+DUrPVPQP0ceKjw7Veu/1Pq06JxYzjlLP4WGp+BeBmeooad4DpHCvrdZ/AbacDV\nz1Nb8x46Qis/uTuavO6QjT/vTib8/y72JILV7KC3fXL5yqStx4EtHUgkscO76cHY\n+NZrz2UN62WUQUCz4ZUSQdJzqkehcg==\n-----END PRIVATE KEY-----\n",
            "public_key_fingerprint_md5": "0f:39:77:a9:73:a7:e8:41:3c:83:26:8e:d9:bd:c1:31",
            "public_key_fingerprint_sha256": "SHA256:8fKVTZwvOrmaoA69XPWS2v6OoDMT4v7/7WpuMn9LarQ",
            "public_key_openssh": "ssh-rsa AAAAB3NzaC1yc2EAAAADAQABAAACAQCx4QAou2ifhbTAizQY4eH2wBV16bvvvIBD3J5xw7E5y8t5+b+rwrX3ngcSbTCkXinLKbHjANj8Lm6yywnOuscuJPuvTC126T652zQXeGwe01RxfnZv8VLP5CkGON5aABRKwnJzFcyMzPm1QK+dhhC4clPQvgfUJAV9ePqpoC5Mm6jh9tGferLHL95PuKLvLBlByn5UZm1QVH9pBritFJ9K5tTZmeidNaUmLiokPgBYGKb5YR8yYge5GLMpy5rA2Vec9ydHZcgUrTz8SXbEVz9hEcHIWxYcNUArqlG1T/6BHJ/ictPO0IgKnkcck9LZZgFegXMaGpoSjjffwAe/tx/fALNVJGxfEyEB7lWQ6Mbh5n+Jv+AH0XlhoQNqY2wl3n4vUYclsHEkbFOVwdkcZD67G1zUcPZU27rm6JzmSDHmBH33gGa+gurzD22Kg9zPeCpkIm1Z7zVqJSaYbZKayIKYmhjyLpBW/fJku5cosiR+Uk9dMO4dM0rF57F/gBYqBTIn2t7Uacr+7MiVVSSpBFjjfW783BqhxtYHSoWAPep4czJs/WUf79aXj8Jf7xDiUWcv1ITVJa7L5YfH7Hn+1LCjIYciT+MEnbtfgz7MmPbV1fTjdlQO/EtbAE4pRlua9BJQZ/KciktL6EHeRJJNtygcMFpZDUeLFToXwEpuk6q1hQ==\n",
            "public_key_pem": "-----BEGIN PUBLIC KEY-----\nMIICIjANBgkqhkiG9w0BAQEFAAOCAg8AMIICCgKCAgEAseEAKLton4W0wIs0GOHh\n9sAVdem777yAQ9yeccOxOcvLefm/q8K1954HEm0wpF4pyymx4wDY/C5usssJzrrH\nLiT7r0wtduk+uds0F3hsHtNUcX52b/FSz+QpBjjeWgAUSsJycxXMjMz5tUCvnYYQ\nuHJT0L4H1CQFfXj6qaAuTJuo4fbRn3qyxy/eT7ii7ywZQcp+VGZtUFR/aQa4rRSf\nSubU2ZnonTWlJi4qJD4AWBim+WEfMmIHuRizKcuawNlXnPcnR2XIFK08/El2xFc/\nYRHByFsWHDVAK6pRtU/+gRyf4nLTztCICp5HHJPS2WYBXoFzGhqaEo4338AHv7cf\n3wCzVSRsXxMhAe5VkOjG4eZ/ib/gB9F5YaEDamNsJd5+L1GHJbBxJGxTlcHZHGQ+\nuxtc1HD2VNu65uic5kgx5gR994BmvoLq8w9tioPcz3gqZCJtWe81aiUmmG2SmsiC\nmJoY8i6QVv3yZLuXKLIkflJPXTDuHTNKxeexf4AWKgUyJ9re1GnK/uzIlVUkqQRY\n431u/NwaocbWB0qFgD3qeHMybP1lH+/Wl4/CX+8Q4lFnL9SE1SWuy+WHx+x5/tSw\noyGHIk/jBJ27X4M+zJj21dX043ZUDvxLWwBOKUZbmvQSUGfynIpLS+hB3kSSTbco\nHDBaWQ1HixU6F8BKbpOqtYUCAwEAAQ==\n-----END PUBLIC KEY-----\n",
            "rsa_bits": 4096
          },
          "sensitive_attributes": [
            [
              {
                "type": "get_attr",
                "value": "private_key_openssh"
              }
            ],
            [
              {
                "type": "get_attr",
                "value": "private_key_pem"
              }
            ],
            [
              {
                "type": "get_attr",
                "value": "private_key_pem_pkcs8"
              }
            ]
          ]
        }
      ]
    }
  ],
  "check_results": null
}
